
Microsoft Visual Studio Solution File, Format Version 12.00
# Visual Studio Version 17
VisualStudioVersion = 17.11.35312.102
MinimumVisualStudioVersion = 10.0.40219.1
Project("{FAE04EC0-301F-11D3-BF4B-00C04F79EFBC}") = "StudentRegistration.Core", "StudentRegistration.Core.csproj", "{514293F1-0114-429C-8FD3-8954A3E70E9D}"
EndProject
Global
	GlobalSection(SolutionConfigurationPlatforms) = preSolution
		Debug|Any CPU = Debug|Any CPU
		Release|Any CPU = Release|Any CPU
	EndGlobalSection
	GlobalSection(ProjectConfigurationPlatforms) = postSolution
		{514293F1-0114-429C-8FD3-8954A3E70E9D}.Debug|Any CPU.ActiveCfg = Debug|Any CPU
		{514293F1-0114-429C-8FD3-8954A3E70E9D}.Debug|Any CPU.Build.0 = Debug|Any CPU
		{514293F1-0114-429C-8FD3-8954A3E70E9D}.Release|Any CPU.ActiveCfg = Release|Any CPU
		{514293F1-0114-429C-8FD3-8954A3E70E9D}.Release|Any CPU.Build.0 = Release|Any CPU
	EndGlobalSection
	GlobalSection(SolutionProperties) = preSolution
		HideSolutionNode = FALSE
	EndGlobalSection
	GlobalSection(ExtensibilityGlobals) = postSolution
		SolutionGuid = {0236C9A1-2210-47E1-A9D7-6077AA38DAE6}
	EndGlobalSection
EndGlobal
